
Microsoft Visual Studio Solution File, Format Version 12.00
# Visual Studio Version 16
VisualStudioVersion = 16.0.30309.148
MinimumVisualStudioVersion = 10.0.40219.1
Project("{FAE04EC0-301F-11D3-BF4B-00C04F79EFBC}") = "SimpleCalculator", "SimpleCalculator\SimpleCalculator.csproj", "{5796CE39-ADE8-41CF-A31E-19C644409F7A}"
EndProject
Project("{FAE04EC0-301F-11D3-BF4B-00C04F79EFBC}") = "SimpleCalculator.Test.Unit", "SimpleCalculator.Test.Unit\SimpleCalculator.Test.Unit.csproj", "{9851E4F0-ACB2-46C0-AE4F-91518D922244}"
EndProject
Global
	GlobalSection(SolutionConfigurationPlatforms) = preSolution
		Debug|Any CPU = Debug|Any CPU
		Release|Any CPU = Release|Any CPU
	EndGlobalSection
	GlobalSection(ProjectConfigurationPlatforms) = postSolution
		{5796CE39-ADE8-41CF-A31E-19C644409F7A}.Debug|Any CPU.ActiveCfg = Debug|Any CPU
		{5796CE39-ADE8-41CF-A31E-19C644409F7A}.Debug|Any CPU.Build.0 = Debug|Any CPU
		{5796CE39-ADE8-41CF-A31E-19C644409F7A}.Release|Any CPU.ActiveCfg = Release|Any CPU
		{5796CE39-ADE8-41CF-A31E-19C644409F7A}.Release|Any CPU.Build.0 = Release|Any CPU
		{9851E4F0-ACB2-46C0-AE4F-91518D922244}.Debug|Any CPU.ActiveCfg = Debug|Any CPU
		{9851E4F0-ACB2-46C0-AE4F-91518D922244}.Debug|Any CPU.Build.0 = Debug|Any CPU
		{9851E4F0-ACB2-46C0-AE4F-91518D922244}.Release|Any CPU.ActiveCfg = Release|Any CPU
		{9851E4F0-ACB2-46C0-AE4F-91518D922244}.Release|Any CPU.Build.0 = Release|Any CPU
	EndGlobalSection
	GlobalSection(SolutionProperties) = preSolution
		HideSolutionNode = FALSE
	EndGlobalSection
	GlobalSection(ExtensibilityGlobals) = postSolution
		SolutionGuid = {6886AEB0-158E-4942-AA9D-0CE74454992E}
	EndGlobalSection
EndGlobal
